
Microsoft Visual Studio Solution File, Format Version 12.00
# Visual Studio 15
VisualStudioVersion = 15.0.27703.2026
MinimumVisualStudioVersion = 10.0.40219.1
Project("{8BC9CEB8-8B4A-11D0-8D11-00A0C91BC942}") = "070 Totient permutation", "070 Totient permutation\070 Totient permutation.vcxproj", "{E8492428-C1E9-493F-9B0B-2DAC9B3EFF46}"
EndProject
Project("{8BC9CEB8-8B4A-11D0-8D11-00A0C91BC942}") = "072 Counting fractions", "072 Counting fractions\072 Counting fractions.vcxproj", "{3C9414AF-AC63-4608-87EA-EF251BA8400B}"
EndProject
Project("{8BC9CEB8-8B4A-11D0-8D11-00A0C91BC942}") = "102 Triangle containment", "102 Triangle containment\102 Triangle containment.vcxproj", "{8816BFD4-A32E-4B22-A483-5BD10AE002B7}"
EndProject
Project("{8BC9CEB8-8B4A-11D0-8D11-00A0C91BC942}") = "001 Multiples of 3 and 5", "001 Multiples of 3 and 5\001 Multiples of 3 and 5.vcxproj", "{2D76FA68-E6B9-4D83-AD94-1625F5A70346}"
EndProject
Project("{8BC9CEB8-8B4A-11D0-8D11-00A0C91BC942}") = "082 Path sum three ways", "082 Path sum three ways\082 Path sum three ways.vcxproj", "{6C1FA26E-98BA-47B5-9CB2-268C5FF53BD5}"
EndProject
Project("{8BC9CEB8-8B4A-11D0-8D11-00A0C91BC942}") = "083 Path sum four ways", "083 Path sum four ways\083 Path sum four ways.vcxproj", "{BB412438-2C37-4284-B3F6-B57A83DFDFD6}"
EndProject
Project("{8BC9CEB8-8B4A-11D0-8D11-00A0C91BC942}") = "357 Prime generating integers", "357 Prime generating integers\357 Prime generating integers.vcxproj", "{0751B0A4-AABE-450A-AF50-372DEBFACD47}"
EndProject
Project("{8BC9CEB8-8B4A-11D0-8D11-00A0C91BC942}") = "002 Even Fibonacci numers", "002 Even Fibonacci numers\002 Even Fibonacci numers.vcxproj", "{4759F47A-F570-48B1-9243-72145BD7D3D2}"
EndProject
Project("{8BC9CEB8-8B4A-11D0-8D11-00A0C91BC942}") = "003 Largest prime factor", "003 Largest prime factor\003 Largest prime factor.vcxproj", "{BF7EBE55-CBF5-48BE-A327-F36DD1F269DE}"
EndProject
Project("{8BC9CEB8-8B4A-11D0-8D11-00A0C91BC942}") = "004 Largest palindrome product", "004 Largest palindrome product\004 Largest palindrome product.vcxproj", "{9A388BD7-476E-49EC-A2A0-844D51B7147C}"
EndProject
Project("{8BC9CEB8-8B4A-11D0-8D11-00A0C91BC942}") = "005 Smallest multiple", "005 Smallest multiple\005 Smallest multiple.vcxproj", "{B77A4103-9472-48C6-BD6E-399DC34150F4}"
EndProject
Project("{8BC9CEB8-8B4A-11D0-8D11-00A0C91BC942}") = "493 Under the rainbow", "493 Under the rainbow\493 Under the rainbow.vcxproj", "{4B9B957B-2EAF-4C3D-A285-8ADBE114327D}"
EndProject
Project("{8BC9CEB8-8B4A-11D0-8D11-00A0C91BC942}") = "006 Sum square difference", "006 Sum square difference\006 Sum square difference.vcxproj", "{44123177-DBCE-4307-95BF-35B3132073A8}"
EndProject
Project("{8BC9CEB8-8B4A-11D0-8D11-00A0C91BC942}") = "007 10001st prime", "007 10001st prime\007 10001st prime.vcxproj", "{176045E2-FAE5-44D6-9D06-A8870801654A}"
EndProject
Project("{8BC9CEB8-8B4A-11D0-8D11-00A0C91BC942}") = "008 Largest product in a series", "008 Largest product in a series\008 Largest product in a series.vcxproj", "{134BB0FE-DE14-4553-BB65-FDCA22F76637}"
EndProject
Project("{8BC9CEB8-8B4A-11D0-8D11-00A0C91BC942}") = "009 Special Pythagorean triplet", "009 Special Pythagorean triplet\009 Special Pythagorean triplet.vcxproj", "{CFE6324A-051D-4F7E-9CA1-3A38E16493E0}"
EndProject
Project("{8BC9CEB8-8B4A-11D0-8D11-00A0C91BC942}") = "010 Summation of primes", "010 Summation of primes\010 Summation of primes.vcxproj", "{B9AF26C1-B158-431C-AF3D-094A755E264E}"
EndProject
Project("{8BC9CEB8-8B4A-11D0-8D11-00A0C91BC942}") = "011 Largest product in a grid", "011 Largest product in a grid\011 Largest product in a grid.vcxproj", "{9F9A2C81-6AB3-4564-A72B-6000A635884A}"
EndProject
Project("{8BC9CEB8-8B4A-11D0-8D11-00A0C91BC942}") = "012 Highly divisible triangular number", "012 Highly divisible triangular number\012 Highly divisible triangular number.vcxproj", "{9A8DD744-133E-4854-AE11-C319EB0BF7F6}"
EndProject
Project("{8BC9CEB8-8B4A-11D0-8D11-00A0C91BC942}") = "013 Large sum", "013 Large sum\013 Large sum.vcxproj", "{B638ADFD-EB74-4F20-A4D3-F63AFF1CC0AD}"
EndProject
Project("{8BC9CEB8-8B4A-11D0-8D11-00A0C91BC942}") = "014 Longest Collatz sequence", "014 Longest Collatz sequence\014 Longest Collatz sequence.vcxproj", "{FC33A65B-5C03-4F74-A43A-A4B8B4F20BDB}"
EndProject
Project("{8BC9CEB8-8B4A-11D0-8D11-00A0C91BC942}") = "015 Lattice paths", "015 Lattice paths\015 Lattice paths.vcxproj", "{C6F4E83C-CD2B-4B99-BBFB-A2C71B252AD0}"
EndProject
Project("{8BC9CEB8-8B4A-11D0-8D11-00A0C91BC942}") = "016 Power digit sum", "016 Power digit sum\016 Power digit sum.vcxproj", "{96B708D4-3278-4455-BCF4-42C4E31A17D0}"
EndProject
Global
	GlobalSection(SolutionConfigurationPlatforms) = preSolution
		Debug|x64 = Debug|x64
		Debug|x86 = Debug|x86
		Release|x64 = Release|x64
		Release|x86 = Release|x86
	EndGlobalSection
	GlobalSection(ProjectConfigurationPlatforms) = postSolution
		{E8492428-C1E9-493F-9B0B-2DAC9B3EFF46}.Debug|x64.ActiveCfg = Debug|x64
		{E8492428-C1E9-493F-9B0B-2DAC9B3EFF46}.Debug|x64.Build.0 = Debug|x64
		{E8492428-C1E9-493F-9B0B-2DAC9B3EFF46}.Debug|x86.ActiveCfg = Debug|Win32
		{E8492428-C1E9-493F-9B0B-2DAC9B3EFF46}.Debug|x86.Build.0 = Debug|Win32
		{E8492428-C1E9-493F-9B0B-2DAC9B3EFF46}.Release|x64.ActiveCfg = Release|x64
		{E8492428-C1E9-493F-9B0B-2DAC9B3EFF46}.Release|x64.Build.0 = Release|x64
		{E8492428-C1E9-493F-9B0B-2DAC9B3EFF46}.Release|x86.ActiveCfg = Release|Win32
		{E8492428-C1E9-493F-9B0B-2DAC9B3EFF46}.Release|x86.Build.0 = Release|Win32
		{3C9414AF-AC63-4608-87EA-EF251BA8400B}.Debug|x64.ActiveCfg = Debug|x64
		{3C9414AF-AC63-4608-87EA-EF251BA8400B}.Debug|x64.Build.0 = Debug|x64
		{3C9414AF-AC63-4608-87EA-EF251BA8400B}.Debug|x86.ActiveCfg = Debug|Win32
		{3C9414AF-AC63-4608-87EA-EF251BA8400B}.Debug|x86.Build.0 = Debug|Win32
		{3C9414AF-AC63-4608-87EA-EF251BA8400B}.Release|x64.ActiveCfg = Release|x64
		{3C9414AF-AC63-4608-87EA-EF251BA8400B}.Release|x64.Build.0 = Release|x64
		{3C9414AF-AC63-4608-87EA-EF251BA8400B}.Release|x86.ActiveCfg = Release|Win32
		{3C9414AF-AC63-4608-87EA-EF251BA8400B}.Release|x86.Build.0 = Release|Win32
		{8816BFD4-A32E-4B22-A483-5BD10AE002B7}.Debug|x64.ActiveCfg = Debug|x64
		{8816BFD4-A32E-4B22-A483-5BD10AE002B7}.Debug|x64.Build.0 = Debug|x64
		{8816BFD4-A32E-4B22-A483-5BD10AE002B7}.Debug|x86.ActiveCfg = Debug|Win32
		{8816BFD4-A32E-4B22-A483-5BD10AE002B7}.Debug|x86.Build.0 = Debug|Win32
		{8816BFD4-A32E-4B22-A483-5BD10AE002B7}.Release|x64.ActiveCfg = Release|x64
		{8816BFD4-A32E-4B22-A483-5BD10AE002B7}.Release|x64.Build.0 = Release|x64
		{8816BFD4-A32E-4B22-A483-5BD10AE002B7}.Release|x86.ActiveCfg = Release|Win32
		{8816BFD4-A32E-4B22-A483-5BD10AE002B7}.Release|x86.Build.0 = Release|Win32
		{2D76FA68-E6B9-4D83-AD94-1625F5A70346}.Debug|x64.ActiveCfg = Debug|x64
		{2D76FA68-E6B9-4D83-AD94-1625F5A70346}.Debug|x64.Build.0 = Debug|x64
		{2D76FA68-E6B9-4D83-AD94-1625F5A70346}.Debug|x86.ActiveCfg = Debug|Win32
		{2D76FA68-E6B9-4D83-AD94-1625F5A70346}.Debug|x86.Build.0 = Debug|Win32
		{2D76FA68-E6B9-4D83-AD94-1625F5A70346}.Release|x64.ActiveCfg = Release|x64
		{2D76FA68-E6B9-4D83-AD94-1625F5A70346}.Release|x64.Build.0 = Release|x64
		{2D76FA68-E6B9-4D83-AD94-1625F5A70346}.Release|x86.ActiveCfg = Release|Win32
		{2D76FA68-E6B9-4D83-AD94-1625F5A70346}.Release|x86.Build.0 = Release|Win32
		{6C1FA26E-98BA-47B5-9CB2-268C5FF53BD5}.Debug|x64.ActiveCfg = Debug|x64
		{6C1FA26E-98BA-47B5-9CB2-268C5FF53BD5}.Debug|x64.Build.0 = Debug|x64
		{6C1FA26E-98BA-47B5-9CB2-268C5FF53BD5}.Debug|x86.ActiveCfg = Debug|Win32
		{6C1FA26E-98BA-47B5-9CB2-268C5FF53BD5}.Debug|x86.Build.0 = Debug|Win32
		{6C1FA26E-98BA-47B5-9CB2-268C5FF53BD5}.Release|x64.ActiveCfg = Release|x64
		{6C1FA26E-98BA-47B5-9CB2-268C5FF53BD5}.Release|x64.Build.0 = Release|x64
		{6C1FA26E-98BA-47B5-9CB2-268C5FF53BD5}.Release|x86.ActiveCfg = Release|Win32
		{6C1FA26E-98BA-47B5-9CB2-268C5FF53BD5}.Release|x86.Build.0 = Release|Win32
		{BB412438-2C37-4284-B3F6-B57A83DFDFD6}.Debug|x64.ActiveCfg = Debug|x64
		{BB412438-2C37-4284-B3F6-B57A83DFDFD6}.Debug|x64.Build.0 = Debug|x64
		{BB412438-2C37-4284-B3F6-B57A83DFDFD6}.Debug|x86.ActiveCfg = Debug|Win32
		{BB412438-2C37-4284-B3F6-B57A83DFDFD6}.Debug|x86.Build.0 = Debug|Win32
		{BB412438-2C37-4284-B3F6-B57A83DFDFD6}.Release|x64.ActiveCfg = Release|x64
		{BB412438-2C37-4284-B3F6-B57A83DFDFD6}.Release|x64.Build.0 = Release|x64
		{BB412438-2C37-4284-B3F6-B57A83DFDFD6}.Release|x86.ActiveCfg = Release|Win32
		{BB412438-2C37-4284-B3F6-B57A83DFDFD6}.Release|x86.Build.0 = Release|Win32
		{0751B0A4-AABE-450A-AF50-372DEBFACD47}.Debug|x64.ActiveCfg = Debug|x64
		{0751B0A4-AABE-450A-AF50-372DEBFACD47}.Debug|x64.Build.0 = Debug|x64
		{0751B0A4-AABE-450A-AF50-372DEBFACD47}.Debug|x86.ActiveCfg = Debug|Win32
		{0751B0A4-AABE-450A-AF50-372DEBFACD47}.Debug|x86.Build.0 = Debug|Win32
		{0751B0A4-AABE-450A-AF50-372DEBFACD47}.Release|x64.ActiveCfg = Release|x64
		{0751B0A4-AABE-450A-AF50-372DEBFACD47}.Release|x64.Build.0 = Release|x64
		{0751B0A4-AABE-450A-AF50-372DEBFACD47}.Release|x86.ActiveCfg = Release|Win32
		{0751B0A4-AABE-450A-AF50-372DEBFACD47}.Release|x86.Build.0 = Release|Win32
		{4759F47A-F570-48B1-9243-72145BD7D3D2}.Debug|x64.ActiveCfg = Debug|x64
		{4759F47A-F570-48B1-9243-72145BD7D3D2}.Debug|x64.Build.0 = Debug|x64
		{4759F47A-F570-48B1-9243-72145BD7D3D2}.Debug|x86.ActiveCfg = Debug|Win32
		{4759F47A-F570-48B1-9243-72145BD7D3D2}.Debug|x86.Build.0 = Debug|Win32
		{4759F47A-F570-48B1-9243-72145BD7D3D2}.Release|x64.ActiveCfg = Release|x64
		{4759F47A-F570-48B1-9243-72145BD7D3D2}.Release|x64.Build.0 = Release|x64
		{4759F47A-F570-48B1-9243-72145BD7D3D2}.Release|x86.ActiveCfg = Release|Win32
		{4759F47A-F570-48B1-9243-72145BD7D3D2}.Release|x86.Build.0 = Release|Win32
		{BF7EBE55-CBF5-48BE-A327-F36DD1F269DE}.Debug|x64.ActiveCfg = Debug|x64
		{BF7EBE55-CBF5-48BE-A327-F36DD1F269DE}.Debug|x64.Build.0 = Debug|x64
		{BF7EBE55-CBF5-48BE-A327-F36DD1F269DE}.Debug|x86.ActiveCfg = Debug|Win32
		{BF7EBE55-CBF5-48BE-A327-F36DD1F269DE}.Debug|x86.Build.0 = Debug|Win32
		{BF7EBE55-CBF5-48BE-A327-F36DD1F269DE}.Release|x64.ActiveCfg = Release|x64
		{BF7EBE55-CBF5-48BE-A327-F36DD1F269DE}.Release|x64.Build.0 = Release|x64
		{BF7EBE55-CBF5-48BE-A327-F36DD1F269DE}.Release|x86.ActiveCfg = Release|Win32
		{BF7EBE55-CBF5-48BE-A327-F36DD1F269DE}.Release|x86.Build.0 = Release|Win32
		{9A388BD7-476E-49EC-A2A0-844D51B7147C}.Debug|x64.ActiveCfg = Debug|x64
		{9A388BD7-476E-49EC-A2A0-844D51B7147C}.Debug|x64.Build.0 = Debug|x64
		{9A388BD7-476E-49EC-A2A0-844D51B7147C}.Debug|x86.ActiveCfg = Debug|Win32
		{9A388BD7-476E-49EC-A2A0-844D51B7147C}.Debug|x86.Build.0 = Debug|Win32
		{9A388BD7-476E-49EC-A2A0-844D51B7147C}.Release|x64.ActiveCfg = Release|x64
		{9A388BD7-476E-49EC-A2A0-844D51B7147C}.Release|x64.Build.0 = Release|x64
		{9A388BD7-476E-49EC-A2A0-844D51B7147C}.Release|x86.ActiveCfg = Release|Win32
		{9A388BD7-476E-49EC-A2A0-844D51B7147C}.Release|x86.Build.0 = Release|Win32
		{B77A4103-9472-48C6-BD6E-399DC34150F4}.Debug|x64.ActiveCfg = Debug|x64
		{B77A4103-9472-48C6-BD6E-399DC34150F4}.Debug|x64.Build.0 = Debug|x64
		{B77A4103-9472-48C6-BD6E-399DC34150F4}.Debug|x86.ActiveCfg = Debug|Win32
		{B77A4103-9472-48C6-BD6E-399DC34150F4}.Debug|x86.Build.0 = Debug|Win32
		{B77A4103-9472-48C6-BD6E-399DC34150F4}.Release|x64.ActiveCfg = Release|x64
		{B77A4103-9472-48C6-BD6E-399DC34150F4}.Release|x64.Build.0 = Release|x64
		{B77A4103-9472-48C6-BD6E-399DC34150F4}.Release|x86.ActiveCfg = Release|Win32
		{B77A4103-9472-48C6-BD6E-399DC34150F4}.Release|x86.Build.0 = Release|Win32
		{4B9B957B-2EAF-4C3D-A285-8ADBE114327D}.Debug|x64.ActiveCfg = Debug|x64
		{4B9B957B-2EAF-4C3D-A285-8ADBE114327D}.Debug|x64.Build.0 = Debug|x64
		{4B9B957B-2EAF-4C3D-A285-8ADBE114327D}.Debug|x86.ActiveCfg = Debug|Win32
		{4B9B957B-2EAF-4C3D-A285-8ADBE114327D}.Debug|x86.Build.0 = Debug|Win32
		{4B9B957B-2EAF-4C3D-A285-8ADBE114327D}.Release|x64.ActiveCfg = Release|x64
		{4B9B957B-2EAF-4C3D-A285-8ADBE114327D}.Release|x64.Build.0 = Release|x64
		{4B9B957B-2EAF-4C3D-A285-8ADBE114327D}.Release|x86.ActiveCfg = Release|Win32
		{4B9B957B-2EAF-4C3D-A285-8ADBE114327D}.Release|x86.Build.0 = Release|Win32
		{44123177-DBCE-4307-95BF-35B3132073A8}.Debug|x64.ActiveCfg = Debug|x64
		{44123177-DBCE-4307-95BF-35B3132073A8}.Debug|x64.Build.0 = Debug|x64
		{44123177-DBCE-4307-95BF-35B3132073A8}.Debug|x86.ActiveCfg = Debug|Win32
		{44123177-DBCE-4307-95BF-35B3132073A8}.Debug|x86.Build.0 = Debug|Win32
		{44123177-DBCE-4307-95BF-35B3132073A8}.Release|x64.ActiveCfg = Release|x64
		{44123177-DBCE-4307-95BF-35B3132073A8}.Release|x64.Build.0 = Release|x64
		{44123177-DBCE-4307-95BF-35B3132073A8}.Release|x86.ActiveCfg = Release|Win32
		{44123177-DBCE-4307-95BF-35B3132073A8}.Release|x86.Build.0 = Release|Win32
		{176045E2-FAE5-44D6-9D06-A8870801654A}.Debug|x64.ActiveCfg = Debug|x64
		{176045E2-FAE5-44D6-9D06-A8870801654A}.Debug|x64.Build.0 = Debug|x64
		{176045E2-FAE5-44D6-9D06-A8870801654A}.Debug|x86.ActiveCfg = Debug|Win32
		{176045E2-FAE5-44D6-9D06-A8870801654A}.Debug|x86.Build.0 = Debug|Win32
		{176045E2-FAE5-44D6-9D06-A8870801654A}.Release|x64.ActiveCfg = Release|x64
		{176045E2-FAE5-44D6-9D06-A8870801654A}.Release|x64.Build.0 = Release|x64
		{176045E2-FAE5-44D6-9D06-A8870801654A}.Release|x86.ActiveCfg = Release|Win32
		{176045E2-FAE5-44D6-9D06-A8870801654A}.Release|x86.Build.0 = Release|Win32
		{134BB0FE-DE14-4553-BB65-FDCA22F76637}.Debug|x64.ActiveCfg = Debug|x64
		{134BB0FE-DE14-4553-BB65-FDCA22F76637}.Debug|x64.Build.0 = Debug|x64
		{134BB0FE-DE14-4553-BB65-FDCA22F76637}.Debug|x86.ActiveCfg = Debug|Win32
		{134BB0FE-DE14-4553-BB65-FDCA22F76637}.Debug|x86.Build.0 = Debug|Win32
		{134BB0FE-DE14-4553-BB65-FDCA22F76637}.Release|x64.ActiveCfg = Release|x64
		{134BB0FE-DE14-4553-BB65-FDCA22F76637}.Release|x64.Build.0 = Release|x64
		{134BB0FE-DE14-4553-BB65-FDCA22F76637}.Release|x86.ActiveCfg = Release|Win32
		{134BB0FE-DE14-4553-BB65-FDCA22F76637}.Release|x86.Build.0 = Release|Win32
		{CFE6324A-051D-4F7E-9CA1-3A38E16493E0}.Debug|x64.ActiveCfg = Debug|x64
		{CFE6324A-051D-4F7E-9CA1-3A38E16493E0}.Debug|x64.Build.0 = Debug|x64
		{CFE6324A-051D-4F7E-9CA1-3A38E16493E0}.Debug|x86.ActiveCfg = Debug|Win32
		{CFE6324A-051D-4F7E-9CA1-3A38E16493E0}.Debug|x86.Build.0 = Debug|Win32
		{CFE6324A-051D-4F7E-9CA1-3A38E16493E0}.Release|x64.ActiveCfg = Release|x64
		{CFE6324A-051D-4F7E-9CA1-3A38E16493E0}.Release|x64.Build.0 = Release|x64
		{CFE6324A-051D-4F7E-9CA1-3A38E16493E0}.Release|x86.ActiveCfg = Release|Win32
		{CFE6324A-051D-4F7E-9CA1-3A38E16493E0}.Release|x86.Build.0 = Release|Win32
		{B9AF26C1-B158-431C-AF3D-094A755E264E}.Debug|x64.ActiveCfg = Debug|x64
		{B9AF26C1-B158-431C-AF3D-094A755E264E}.Debug|x64.Build.0 = Debug|x64
		{B9AF26C1-B158-431C-AF3D-094A755E264E}.Debug|x86.ActiveCfg = Debug|Win32
		{B9AF26C1-B158-431C-AF3D-094A755E264E}.Debug|x86.Build.0 = Debug|Win32
		{B9AF26C1-B158-431C-AF3D-094A755E264E}.Release|x64.ActiveCfg = Release|x64
		{B9AF26C1-B158-431C-AF3D-094A755E264E}.Release|x64.Build.0 = Release|x64
		{B9AF26C1-B158-431C-AF3D-094A755E264E}.Release|x86.ActiveCfg = Release|Win32
		{B9AF26C1-B158-431C-AF3D-094A755E264E}.Release|x86.Build.0 = Release|Win32
		{9F9A2C81-6AB3-4564-A72B-6000A635884A}.Debug|x64.ActiveCfg = Debug|x64
		{9F9A2C81-6AB3-4564-A72B-6000A635884A}.Debug|x64.Build.0 = Debug|x64
		{9F9A2C81-6AB3-4564-A72B-6000A635884A}.Debug|x86.ActiveCfg = Debug|Win32
		{9F9A2C81-6AB3-4564-A72B-6000A635884A}.Debug|x86.Build.0 = Debug|Win32
		{9F9A2C81-6AB3-4564-A72B-6000A635884A}.Release|x64.ActiveCfg = Release|x64
		{9F9A2C81-6AB3-4564-A72B-6000A635884A}.Release|x64.Build.0 = Release|x64
		{9F9A2C81-6AB3-4564-A72B-6000A635884A}.Release|x86.ActiveCfg = Release|Win32
		{9F9A2C81-6AB3-4564-A72B-6000A635884A}.Release|x86.Build.0 = Release|Win32
		{9A8DD744-133E-4854-AE11-C319EB0BF7F6}.Debug|x64.ActiveCfg = Debug|x64
		{9A8DD744-133E-4854-AE11-C319EB0BF7F6}.Debug|x64.Build.0 = Debug|x64
		{9A8DD744-133E-4854-AE11-C319EB0BF7F6}.Debug|x86.ActiveCfg = Debug|Win32
		{9A8DD744-133E-4854-AE11-C319EB0BF7F6}.Debug|x86.Build.0 = Debug|Win32
		{9A8DD744-133E-4854-AE11-C319EB0BF7F6}.Release|x64.ActiveCfg = Release|x64
		{9A8DD744-133E-4854-AE11-C319EB0BF7F6}.Release|x64.Build.0 = Release|x64
		{9A8DD744-133E-4854-AE11-C319EB0BF7F6}.Release|x86.ActiveCfg = Release|Win32
		{9A8DD744-133E-4854-AE11-C319EB0BF7F6}.Release|x86.Build.0 = Release|Win32
		{B638ADFD-EB74-4F20-A4D3-F63AFF1CC0AD}.Debug|x64.ActiveCfg = Debug|x64
		{B638ADFD-EB74-4F20-A4D3-F63AFF1CC0AD}.Debug|x64.Build.0 = Debug|x64
		{B638ADFD-EB74-4F20-A4D3-F63AFF1CC0AD}.Debug|x86.ActiveCfg = Debug|Win32
		{B638ADFD-EB74-4F20-A4D3-F63AFF1CC0AD}.Debug|x86.Build.0 = Debug|Win32
		{B638ADFD-EB74-4F20-A4D3-F63AFF1CC0AD}.Release|x64.ActiveCfg = Release|x64
		{B638ADFD-EB74-4F20-A4D3-F63AFF1CC0AD}.Release|x64.Build.0 = Release|x64
		{B638ADFD-EB74-4F20-A4D3-F63AFF1CC0AD}.Release|x86.ActiveCfg = Release|Win32
		{B638ADFD-EB74-4F20-A4D3-F63AFF1CC0AD}.Release|x86.Build.0 = Release|Win32
		{FC33A65B-5C03-4F74-A43A-A4B8B4F20BDB}.Debug|x64.ActiveCfg = Debug|x64
		{FC33A65B-5C03-4F74-A43A-A4B8B4F20BDB}.Debug|x64.Build.0 = Debug|x64
		{FC33A65B-5C03-4F74-A43A-A4B8B4F20BDB}.Debug|x86.ActiveCfg = Debug|Win32
		{FC33A65B-5C03-4F74-A43A-A4B8B4F20BDB}.Debug|x86.Build.0 = Debug|Win32
		{FC33A65B-5C03-4F74-A43A-A4B8B4F20BDB}.Release|x64.ActiveCfg = Release|x64
		{FC33A65B-5C03-4F74-A43A-A4B8B4F20BDB}.Release|x64.Build.0 = Release|x64
		{FC33A65B-5C03-4F74-A43A-A4B8B4F20BDB}.Release|x86.ActiveCfg = Release|Win32
		{FC33A65B-5C03-4F74-A43A-A4B8B4F20BDB}.Release|x86.Build.0 = Release|Win32
		{C6F4E83C-CD2B-4B99-BBFB-A2C71B252AD0}.Debug|x64.ActiveCfg = Debug|x64
		{C6F4E83C-CD2B-4B99-BBFB-A2C71B252AD0}.Debug|x64.Build.0 = Debug|x64
		{C6F4E83C-CD2B-4B99-BBFB-A2C71B252AD0}.Debug|x86.ActiveCfg = Debug|Win32
		{C6F4E83C-CD2B-4B99-BBFB-A2C71B252AD0}.Debug|x86.Build.0 = Debug|Win32
		{C6F4E83C-CD2B-4B99-BBFB-A2C71B252AD0}.Release|x64.ActiveCfg = Release|x64
		{C6F4E83C-CD2B-4B99-BBFB-A2C71B252AD0}.Release|x64.Build.0 = Release|x64
		{C6F4E83C-CD2B-4B99-BBFB-A2C71B252AD0}.Release|x86.ActiveCfg = Release|Win32
		{C6F4E83C-CD2B-4B99-BBFB-A2C71B252AD0}.Release|x86.Build.0 = Release|Win32
		{96B708D4-3278-4455-BCF4-42C4E31A17D0}.Debug|x64.ActiveCfg = Debug|x64
		{96B708D4-3278-4455-BCF4-42C4E31A17D0}.Debug|x64.Build.0 = Debug|x64
		{96B708D4-3278-4455-BCF4-42C4E31A17D0}.Debug|x86.ActiveCfg = Debug|Win32
		{96B708D4-3278-4455-BCF4-42C4E31A17D0}.Debug|x86.Build.0 = Debug|Win32
		{96B708D4-3278-4455-BCF4-42C4E31A17D0}.Release|x64.ActiveCfg = Release|x64
		{96B708D4-3278-4455-BCF4-42C4E31A17D0}.Release|x64.Build.0 = Release|x64
		{96B708D4-3278-4455-BCF4-42C4E31A17D0}.Release|x86.ActiveCfg = Release|Win32
		{96B708D4-3278-4455-BCF4-42C4E31A17D0}.Release|x86.Build.0 = Release|Win32
	EndGlobalSection
	GlobalSection(SolutionProperties) = preSolution
		HideSolutionNode = FALSE
	EndGlobalSection
	GlobalSection(ExtensibilityGlobals) = postSolution
		SolutionGuid = {3FA247E1-2FD6-4C42-805C-A980ACFF93F0}
	EndGlobalSection
EndGlobal
